{
  "name": "chatgpt-notion-sync",
  "version": "1.0.0",
  "lockfileVersion": 3,
  "requires": true,
  "packages": {
    "": {
      "name": "chatgpt-notion-sync",
      "version": "1.0.0",
      "license": "MIT",
      "dependencies": {
        "@notionhq/client": "^2.2.15",
        "ajv": "^8.12.0",
        "ajv-formats": "^3.0.1",
        "axios": "^1.6.2",
        "config": "^4.1.1",
        "dotenv": "^16.3.1",
        "p-limit": "^5.0.0",
        "p-retry": "^6.1.0",
        "winston": "^3.11.0"
      },
      "devDependencies": {
        "eslint": "^8.55.0",
        "eslint-config-prettier": "^10.1.8",
        "eslint-plugin-jest": "^27.6.0",
        "jest": "^30.2.0",
        "nodemon": "^3.0.2",
        "prettier": "^3.1.1"
      },
      "engines": {
        "node": ">=18.0.0",
        "npm": ">=9.0.0"
      }
    }
  }
}
